// !$*UTF8*$!
{
	archiveVersion = 1;
	classes = {
	};
	objectVersion = 46;
	objects = {

/* Begin PBXBuildFile section */
		7233CA4A1A9EB38F00957052 /* AlamofireRACExtensions.h in Headers */ = {isa = PBXBuildFile; fileRef = 7233CA491A9EB38F00957052 /* AlamofireRACExtensions.h */; settings = {ATTRIBUTES = (Public, ); }; };
		7233CA501A9EB38F00957052 /* AlamofireRACExtensions.framework in Frameworks */ = {isa = PBXBuildFile; fileRef = 7233CA441A9EB38F00957052 /* AlamofireRACExtensions.framework */; };
		7233CA571A9EB38F00957052 /* AlamofireRACExtensionsTests.swift in Sources */ = {isa = PBXBuildFile; fileRef = 7233CA561A9EB38F00957052 /* AlamofireRACExtensionsTests.swift */; };
		729891551A9F7C24008E6A70 /* AlamofireRACExtensions.framework in Frameworks */ = {isa = PBXBuildFile; fileRef = 7298914A1A9F7C24008E6A70 /* AlamofireRACExtensions.framework */; };
		729891631A9F7C71008E6A70 /* AlamofireRACExtensionsTests.swift in Sources */ = {isa = PBXBuildFile; fileRef = 7233CA561A9EB38F00957052 /* AlamofireRACExtensionsTests.swift */; };
		729891651A9F7CAA008E6A70 /* AlamofireRACExtensions.swift in Sources */ = {isa = PBXBuildFile; fileRef = 729891641A9F7CAA008E6A70 /* AlamofireRACExtensions.swift */; };
		729891661A9F7CAA008E6A70 /* AlamofireRACExtensions.swift in Sources */ = {isa = PBXBuildFile; fileRef = 729891641A9F7CAA008E6A70 /* AlamofireRACExtensions.swift */; };
		7298916D1A9F7DA9008E6A70 /* Alamofire.framework in Frameworks */ = {isa = PBXBuildFile; fileRef = 7298916A1A9F7DA9008E6A70 /* Alamofire.framework */; };
		7298916E1A9F7DA9008E6A70 /* LlamaKit.framework in Frameworks */ = {isa = PBXBuildFile; fileRef = 7298916B1A9F7DA9008E6A70 /* LlamaKit.framework */; };
		7298916F1A9F7DA9008E6A70 /* ReactiveCocoa.framework in Frameworks */ = {isa = PBXBuildFile; fileRef = 7298916C1A9F7DA9008E6A70 /* ReactiveCocoa.framework */; };
		729891731A9F7DB2008E6A70 /* Alamofire.framework in Frameworks */ = {isa = PBXBuildFile; fileRef = 729891701A9F7DB2008E6A70 /* Alamofire.framework */; };
		729891741A9F7DB2008E6A70 /* LlamaKit.framework in Frameworks */ = {isa = PBXBuildFile; fileRef = 729891711A9F7DB2008E6A70 /* LlamaKit.framework */; };
		729891751A9F7DB2008E6A70 /* ReactiveCocoa.framework in Frameworks */ = {isa = PBXBuildFile; fileRef = 729891721A9F7DB2008E6A70 /* ReactiveCocoa.framework */; };
		7298917F1A9F7ED3008E6A70 /* OHHTTPStubs.framework in Frameworks */ = {isa = PBXBuildFile; fileRef = 7298917E1A9F7ED3008E6A70 /* OHHTTPStubs.framework */; };
		729891821A9F7F1B008E6A70 /* OHHTTPStubs.framework in Frameworks */ = {isa = PBXBuildFile; fileRef = 729891801A9F7EFD008E6A70 /* OHHTTPStubs.framework */; };
/* End PBXBuildFile section */

/* Begin PBXContainerItemProxy section */
		7233CA511A9EB38F00957052 /* PBXContainerItemProxy */ = {
			isa = PBXContainerItemProxy;
			containerPortal = 7233CA3B1A9EB38F00957052 /* Project object */;
			proxyType = 1;
			remoteGlobalIDString = 7233CA431A9EB38F00957052;
			remoteInfo = AlamofireRACExtensions;
		};
		729891561A9F7C24008E6A70 /* PBXContainerItemProxy */ = {
			isa = PBXContainerItemProxy;
			containerPortal = 7233CA3B1A9EB38F00957052 /* Project object */;
			proxyType = 1;
			remoteGlobalIDString = 729891491A9F7C24008E6A70;
			remoteInfo = "AlamofireRACExtensions-iOS";
		};
/* End PBXContainerItemProxy section */

/* Begin PBXFileReference section */
		7233CA441A9EB38F00957052 /* AlamofireRACExtensions.framework */ = {isa = PBXFileReference; explicitFileType = wrapper.framework; includeInIndex = 0; path = AlamofireRACExtensions.framework; sourceTree = BUILT_PRODUCTS_DIR; };
		7233CA481A9EB38F00957052 /* Info.plist */ = {isa = PBXFileReference; lastKnownFileType = text.plist.xml; path = Info.plist; sourceTree = "<group>"; };
		7233CA491A9EB38F00957052 /* AlamofireRACExtensions.h */ = {isa = PBXFileReference; lastKnownFileType = sourcecode.c.h; path = AlamofireRACExtensions.h; sourceTree = "<group>"; };
		7233CA4F1A9EB38F00957052 /* AlamofireRACExtensionsTests-Mac.xctest */ = {isa = PBXFileReference; explicitFileType = wrapper.cfbundle; includeInIndex = 0; path = "AlamofireRACExtensionsTests-Mac.xctest"; sourceTree = BUILT_PRODUCTS_DIR; };
		7233CA551A9EB38F00957052 /* Info.plist */ = {isa = PBXFileReference; lastKnownFileType = text.plist.xml; path = Info.plist; sourceTree = "<group>"; };
		7233CA561A9EB38F00957052 /* AlamofireRACExtensionsTests.swift */ = {isa = PBXFileReference; lastKnownFileType = sourcecode.swift; path = AlamofireRACExtensionsTests.swift; sourceTree = "<group>"; };
		7298914A1A9F7C24008E6A70 /* AlamofireRACExtensions.framework */ = {isa = PBXFileReference; explicitFileType = wrapper.framework; includeInIndex = 0; path = AlamofireRACExtensions.framework; sourceTree = BUILT_PRODUCTS_DIR; };
		729891541A9F7C24008E6A70 /* AlamofireRACExtensions-iOSTests.xctest */ = {isa = PBXFileReference; explicitFileType = wrapper.cfbundle; includeInIndex = 0; path = "AlamofireRACExtensions-iOSTests.xctest"; sourceTree = BUILT_PRODUCTS_DIR; };
		729891641A9F7CAA008E6A70 /* AlamofireRACExtensions.swift */ = {isa = PBXFileReference; fileEncoding = 4; lastKnownFileType = sourcecode.swift; path = AlamofireRACExtensions.swift; sourceTree = "<group>"; };
		7298916A1A9F7DA9008E6A70 /* Alamofire.framework */ = {isa = PBXFileReference; lastKnownFileType = wrapper.framework; name = Alamofire.framework; path = Carthage/Build/iOS/Alamofire.framework; sourceTree = SOURCE_ROOT; };
		7298916B1A9F7DA9008E6A70 /* LlamaKit.framework */ = {isa = PBXFileReference; lastKnownFileType = wrapper.framework; name = LlamaKit.framework; path = Carthage/Build/iOS/LlamaKit.framework; sourceTree = SOURCE_ROOT; };
		7298916C1A9F7DA9008E6A70 /* ReactiveCocoa.framework */ = {isa = PBXFileReference; lastKnownFileType = wrapper.framework; name = ReactiveCocoa.framework; path = Carthage/Build/iOS/ReactiveCocoa.framework; sourceTree = SOURCE_ROOT; };
		729891701A9F7DB2008E6A70 /* Alamofire.framework */ = {isa = PBXFileReference; lastKnownFileType = wrapper.framework; name = Alamofire.framework; path = Carthage/Build/Mac/Alamofire.framework; sourceTree = SOURCE_ROOT; };
		729891711A9F7DB2008E6A70 /* LlamaKit.framework */ = {isa = PBXFileReference; lastKnownFileType = wrapper.framework; name = LlamaKit.framework; path = Carthage/Build/Mac/LlamaKit.framework; sourceTree = SOURCE_ROOT; };
		729891721A9F7DB2008E6A70 /* ReactiveCocoa.framework */ = {isa = PBXFileReference; lastKnownFileType = wrapper.framework; name = ReactiveCocoa.framework; path = Carthage/Build/Mac/ReactiveCocoa.framework; sourceTree = SOURCE_ROOT; };
		7298917E1A9F7ED3008E6A70 /* OHHTTPStubs.framework */ = {isa = PBXFileReference; lastKnownFileType = wrapper.framework; name = OHHTTPStubs.framework; path = Carthage/Build/iOS/OHHTTPStubs.framework; sourceTree = SOURCE_ROOT; };
		729891801A9F7EFD008E6A70 /* OHHTTPStubs.framework */ = {isa = PBXFileReference; lastKnownFileType = wrapper.framework; name = OHHTTPStubs.framework; path = Carthage/Build/Mac/OHHTTPStubs.framework; sourceTree = SOURCE_ROOT; };
/* End PBXFileReference section */

/* Begin PBXFrameworksBuildPhase section */
		7233CA401A9EB38F00957052 /* Frameworks */ = {
			isa = PBXFrameworksBuildPhase;
			buildActionMask = 2147483647;
			files = (
				729891731A9F7DB2008E6A70 /* Alamofire.framework in Frameworks */,
				729891751A9F7DB2008E6A70 /* ReactiveCocoa.framework in Frameworks */,
				729891741A9F7DB2008E6A70 /* LlamaKit.framework in Frameworks */,
			);
			runOnlyForDeploymentPostprocessing = 0;
		};
		7233CA4C1A9EB38F00957052 /* Frameworks */ = {
			isa = PBXFrameworksBuildPhase;
			buildActionMask = 2147483647;
			files = (
				7233CA501A9EB38F00957052 /* AlamofireRACExtensions.framework in Frameworks */,
				729891821A9F7F1B008E6A70 /* OHHTTPStubs.framework in Frameworks */,
			);
			runOnlyForDeploymentPostprocessing = 0;
		};
		729891461A9F7C24008E6A70 /* Frameworks */ = {
			isa = PBXFrameworksBuildPhase;
			buildActionMask = 2147483647;
			files = (
				7298916D1A9F7DA9008E6A70 /* Alamofire.framework in Frameworks */,
				7298916F1A9F7DA9008E6A70 /* ReactiveCocoa.framework in Frameworks */,
				7298916E1A9F7DA9008E6A70 /* LlamaKit.framework in Frameworks */,
			);
			runOnlyForDeploymentPostprocessing = 0;
		};
		729891511A9F7C24008E6A70 /* Frameworks */ = {
			isa = PBXFrameworksBuildPhase;
			buildActionMask = 2147483647;
			files = (
				729891551A9F7C24008E6A70 /* AlamofireRACExtensions.framework in Frameworks */,
				7298917F1A9F7ED3008E6A70 /* OHHTTPStubs.framework in Frameworks */,
			);
			runOnlyForDeploymentPostprocessing = 0;
		};
/* End PBXFrameworksBuildPhase section */

/* Begin PBXGroup section */
		7233CA3A1A9EB38F00957052 = {
			isa = PBXGroup;
			children = (
				7233CA461A9EB38F00957052 /* AlamofireRACExtensions */,
				7233CA531A9EB38F00957052 /* AlamofireRACExtensionsTests */,
				7233CA451A9EB38F00957052 /* Products */,
			);
			sourceTree = "<group>";
		};
		7233CA451A9EB38F00957052 /* Products */ = {
			isa = PBXGroup;
			children = (
				7233CA441A9EB38F00957052 /* AlamofireRACExtensions.framework */,
				7233CA4F1A9EB38F00957052 /* AlamofireRACExtensionsTests-Mac.xctest */,
				7298914A1A9F7C24008E6A70 /* AlamofireRACExtensions.framework */,
				729891541A9F7C24008E6A70 /* AlamofireRACExtensions-iOSTests.xctest */,
			);
			name = Products;
			sourceTree = "<group>";
		};
		7233CA461A9EB38F00957052 /* AlamofireRACExtensions */ = {
			isa = PBXGroup;
			children = (
				7233CA491A9EB38F00957052 /* AlamofireRACExtensions.h */,
				729891641A9F7CAA008E6A70 /* AlamofireRACExtensions.swift */,
				729891671A9F7D91008E6A70 /* Frameworks */,
				7233CA471A9EB38F00957052 /* Supporting Files */,
			);
			path = AlamofireRACExtensions;
			sourceTree = "<group>";
		};
		7233CA471A9EB38F00957052 /* Supporting Files */ = {
			isa = PBXGroup;
			children = (
				7233CA481A9EB38F00957052 /* Info.plist */,
			);
			name = "Supporting Files";
			sourceTree = "<group>";
		};
		7233CA531A9EB38F00957052 /* AlamofireRACExtensionsTests */ = {
			isa = PBXGroup;
			children = (
				7233CA561A9EB38F00957052 /* AlamofireRACExtensionsTests.swift */,
				729891421A9F7A05008E6A70 /* Frameworks */,
				7233CA541A9EB38F00957052 /* Supporting Files */,
			);
			path = AlamofireRACExtensionsTests;
			sourceTree = "<group>";
		};
		7233CA541A9EB38F00957052 /* Supporting Files */ = {
			isa = PBXGroup;
			children = (
				7233CA551A9EB38F00957052 /* Info.plist */,
			);
			name = "Supporting Files";
			sourceTree = "<group>";
		};
		729891421A9F7A05008E6A70 /* Frameworks */ = {
			isa = PBXGroup;
			children = (
				729891771A9F7DBC008E6A70 /* Mac */,
				729891761A9F7DB8008E6A70 /* iOS */,
			);
			name = Frameworks;
			sourceTree = "<group>";
		};
		729891671A9F7D91008E6A70 /* Frameworks */ = {
			isa = PBXGroup;
			children = (
				729891691A9F7D9A008E6A70 /* Mac */,
				729891681A9F7D95008E6A70 /* iOS */,
			);
			name = Frameworks;
			sourceTree = "<group>";
		};
		729891681A9F7D95008E6A70 /* iOS */ = {
			isa = PBXGroup;
			children = (
				7298916A1A9F7DA9008E6A70 /* Alamofire.framework */,
				7298916B1A9F7DA9008E6A70 /* LlamaKit.framework */,
				7298916C1A9F7DA9008E6A70 /* ReactiveCocoa.framework */,
			);
			name = iOS;
			sourceTree = "<group>";
		};
		729891691A9F7D9A008E6A70 /* Mac */ = {
			isa = PBXGroup;
			children = (
				729891701A9F7DB2008E6A70 /* Alamofire.framework */,
				729891711A9F7DB2008E6A70 /* LlamaKit.framework */,
				729891721A9F7DB2008E6A70 /* ReactiveCocoa.framework */,
			);
			name = Mac;
			sourceTree = "<group>";
		};
		729891761A9F7DB8008E6A70 /* iOS */ = {
			isa = PBXGroup;
			children = (
				7298917E1A9F7ED3008E6A70 /* OHHTTPStubs.framework */,
			);
			name = iOS;
			sourceTree = "<group>";
		};
		729891771A9F7DBC008E6A70 /* Mac */ = {
			isa = PBXGroup;
			children = (
				729891801A9F7EFD008E6A70 /* OHHTTPStubs.framework */,
			);
			name = Mac;
			sourceTree = "<group>";
		};
/* End PBXGroup section */

/* Begin PBXHeadersBuildPhase section */
		7233CA411A9EB38F00957052 /* Headers */ = {
			isa = PBXHeadersBuildPhase;
			buildActionMask = 2147483647;
			files = (
				7233CA4A1A9EB38F00957052 /* AlamofireRACExtensions.h in Headers */,
			);
			runOnlyForDeploymentPostprocessing = 0;
		};
		729891471A9F7C24008E6A70 /* Headers */ = {
			isa = PBXHeadersBuildPhase;
			buildActionMask = 2147483647;
			files = (
			);
			runOnlyForDeploymentPostprocessing = 0;
		};
/* End PBXHeadersBuildPhase section */

/* Begin PBXNativeTarget section */
		7233CA431A9EB38F00957052 /* AlamofireRACExtensions-Mac */ = {
			isa = PBXNativeTarget;
			buildConfigurationList = 7233CA5A1A9EB38F00957052 /* Build configuration list for PBXNativeTarget "AlamofireRACExtensions-Mac" */;
			buildPhases = (
				7233CA3F1A9EB38F00957052 /* Sources */,
				7233CA401A9EB38F00957052 /* Frameworks */,
				7233CA411A9EB38F00957052 /* Headers */,
				7233CA421A9EB38F00957052 /* Resources */,
			);
			buildRules = (
			);
			dependencies = (
			);
			name = "AlamofireRACExtensions-Mac";
			productName = AlamofireRACExtensions;
			productReference = 7233CA441A9EB38F00957052 /* AlamofireRACExtensions.framework */;
			productType = "com.apple.product-type.framework";
		};
		7233CA4E1A9EB38F00957052 /* AlamofireRACExtensionsTests-Mac */ = {
			isa = PBXNativeTarget;
			buildConfigurationList = 7233CA5D1A9EB38F00957052 /* Build configuration list for PBXNativeTarget "AlamofireRACExtensionsTests-Mac" */;
			buildPhases = (
				7233CA4B1A9EB38F00957052 /* Sources */,
				7233CA4C1A9EB38F00957052 /* Frameworks */,
				7233CA4D1A9EB38F00957052 /* Resources */,
			);
			buildRules = (
			);
			dependencies = (
				7233CA521A9EB38F00957052 /* PBXTargetDependency */,
			);
			name = "AlamofireRACExtensionsTests-Mac";
			productName = AlamofireRACExtensionsTests;
			productReference = 7233CA4F1A9EB38F00957052 /* AlamofireRACExtensionsTests-Mac.xctest */;
			productType = "com.apple.product-type.bundle.unit-test";
		};
		729891491A9F7C24008E6A70 /* AlamofireRACExtensions-iOS */ = {
			isa = PBXNativeTarget;
			buildConfigurationList = 7298915D1A9F7C24008E6A70 /* Build configuration list for PBXNativeTarget "AlamofireRACExtensions-iOS" */;
			buildPhases = (
				729891451A9F7C24008E6A70 /* Sources */,
				729891461A9F7C24008E6A70 /* Frameworks */,
				729891471A9F7C24008E6A70 /* Headers */,
				729891481A9F7C24008E6A70 /* Resources */,
			);
			buildRules = (
			);
			dependencies = (
			);
			name = "AlamofireRACExtensions-iOS";
			productName = "AlamofireRACExtensions-iOS";
			productReference = 7298914A1A9F7C24008E6A70 /* AlamofireRACExtensions.framework */;
			productType = "com.apple.product-type.framework";
		};
		729891531A9F7C24008E6A70 /* AlamofireRACExtensionsTests-iOS */ = {
			isa = PBXNativeTarget;
			buildConfigurationList = 729891601A9F7C24008E6A70 /* Build configuration list for PBXNativeTarget "AlamofireRACExtensionsTests-iOS" */;
			buildPhases = (
				729891501A9F7C24008E6A70 /* Sources */,
				729891511A9F7C24008E6A70 /* Frameworks */,
				729891521A9F7C24008E6A70 /* Resources */,
			);
			buildRules = (
			);
			dependencies = (
				729891571A9F7C24008E6A70 /* PBXTargetDependency */,
			);
			name = "AlamofireRACExtensionsTests-iOS";
			productName = "AlamofireRACExtensions-iOSTests";
			productReference = 729891541A9F7C24008E6A70 /* AlamofireRACExtensions-iOSTests.xctest */;
			productType = "com.apple.product-type.bundle.unit-test";
		};
/* End PBXNativeTarget section */

/* Begin PBXProject section */
		7233CA3B1A9EB38F00957052 /* Project object */ = {
			isa = PBXProject;
			attributes = {
				LastUpgradeCheck = 0630;
				ORGANIZATIONNAME = "Indragie Karunaratne";
				TargetAttributes = {
					7233CA431A9EB38F00957052 = {
						CreatedOnToolsVersion = 6.3;
					};
					7233CA4E1A9EB38F00957052 = {
						CreatedOnToolsVersion = 6.3;
					};
					729891491A9F7C24008E6A70 = {
						CreatedOnToolsVersion = 6.1.1;
					};
					729891531A9F7C24008E6A70 = {
						CreatedOnToolsVersion = 6.1.1;
					};
				};
			};
			buildConfigurationList = 7233CA3E1A9EB38F00957052 /* Build configuration list for PBXProject "AlamofireRACExtensions" */;
			compatibilityVersion = "Xcode 3.2";
			developmentRegion = English;
			hasScannedForEncodings = 0;
			knownRegions = (
				en,
			);
			mainGroup = 7233CA3A1A9EB38F00957052;
			productRefGroup = 7233CA451A9EB38F00957052 /* Products */;
			projectDirPath = "";
			projectRoot = "";
			targets = (
				7233CA431A9EB38F00957052 /* AlamofireRACExtensions-Mac */,
				7233CA4E1A9EB38F00957052 /* AlamofireRACExtensionsTests-Mac */,
				729891491A9F7C24008E6A70 /* AlamofireRACExtensions-iOS */,
				729891531A9F7C24008E6A70 /* AlamofireRACExtensionsTests-iOS */,
			);
		};
/* End PBXProject section */

/* Begin PBXResourcesBuildPhase section */
		7233CA421A9EB38F00957052 /* Resources */ = {
			isa = PBXResourcesBuildPhase;
			buildActionMask = 2147483647;
			files = (
			);
			runOnlyForDeploymentPostprocessing = 0;
		};
		7233CA4D1A9EB38F00957052 /* Resources */ = {
			isa = PBXResourcesBuildPhase;
			buildActionMask = 2147483647;
			files = (
			);
			runOnlyForDeploymentPostprocessing = 0;
		};
		729891481A9F7C24008E6A70 /* Resources */ = {
			isa = PBXResourcesBuildPhase;
			buildActionMask = 2147483647;
			files = (
			);
			runOnlyForDeploymentPostprocessing = 0;
		};
		729891521A9F7C24008E6A70 /* Resources */ = {
			isa = PBXResourcesBuildPhase;
			buildActionMask = 2147483647;
			files = (
			);
			runOnlyForDeploymentPostprocessing = 0;
		};
/* End PBXResourcesBuildPhase section */

/* Begin PBXSourcesBuildPhase section */
		7233CA3F1A9EB38F00957052 /* Sources */ = {
			isa = PBXSourcesBuildPhase;
			buildActionMask = 2147483647;
			files = (
				729891651A9F7CAA008E6A70 /* AlamofireRACExtensions.swift in Sources */,
			);
			runOnlyForDeploymentPostprocessing = 0;
		};
		7233CA4B1A9EB38F00957052 /* Sources */ = {
			isa = PBXSourcesBuildPhase;
			buildActionMask = 2147483647;
			files = (
				7233CA571A9EB38F00957052 /* AlamofireRACExtensionsTests.swift in Sources */,
			);
			runOnlyForDeploymentPostprocessing = 0;
		};
		729891451A9F7C24008E6A70 /* Sources */ = {
			isa = PBXSourcesBuildPhase;
			buildActionMask = 2147483647;
			files = (
				729891661A9F7CAA008E6A70 /* AlamofireRACExtensions.swift in Sources */,
			);
			runOnlyForDeploymentPostprocessing = 0;
		};
		729891501A9F7C24008E6A70 /* Sources */ = {
			isa = PBXSourcesBuildPhase;
			buildActionMask = 2147483647;
			files = (
				729891631A9F7C71008E6A70 /* AlamofireRACExtensionsTests.swift in Sources */,
			);
			runOnlyForDeploymentPostprocessing = 0;
		};
/* End PBXSourcesBuildPhase section */

/* Begin PBXTargetDependency section */
		7233CA521A9EB38F00957052 /* PBXTargetDependency */ = {
			isa = PBXTargetDependency;
			target = 7233CA431A9EB38F00957052 /* AlamofireRACExtensions-Mac */;
			targetProxy = 7233CA511A9EB38F00957052 /* PBXContainerItemProxy */;
		};
		729891571A9F7C24008E6A70 /* PBXTargetDependency */ = {
			isa = PBXTargetDependency;
			target = 729891491A9F7C24008E6A70 /* AlamofireRACExtensions-iOS */;
			targetProxy = 729891561A9F7C24008E6A70 /* PBXContainerItemProxy */;
		};
/* End PBXTargetDependency section */

/* Begin XCBuildConfiguration section */
		7233CA581A9EB38F00957052 /* Debug */ = {
			isa = XCBuildConfiguration;
			buildSettings = {
				ALWAYS_SEARCH_USER_PATHS = NO;
				CLANG_CXX_LANGUAGE_STANDARD = "gnu++0x";
				CLANG_CXX_LIBRARY = "libc++";
				CLANG_ENABLE_MODULES = YES;
				CLANG_ENABLE_OBJC_ARC = YES;
				CLANG_WARN_BOOL_CONVERSION = YES;
				CLANG_WARN_CONSTANT_CONVERSION = YES;
				CLANG_WARN_DIRECT_OBJC_ISA_USAGE = YES_ERROR;
				CLANG_WARN_EMPTY_BODY = YES;
				CLANG_WARN_ENUM_CONVERSION = YES;
				CLANG_WARN_INT_CONVERSION = YES;
				CLANG_WARN_OBJC_ROOT_CLASS = YES_ERROR;
				CLANG_WARN_UNREACHABLE_CODE = YES;
				CLANG_WARN__DUPLICATE_METHOD_MATCH = YES;
				COPY_PHASE_STRIP = NO;
				CURRENT_PROJECT_VERSION = 1;
				DEBUG_INFORMATION_FORMAT = dwarf;
				ENABLE_STRICT_OBJC_MSGSEND = YES;
				GCC_C_LANGUAGE_STANDARD = gnu99;
				GCC_DYNAMIC_NO_PIC = NO;
				GCC_NO_COMMON_BLOCKS = YES;
				GCC_OPTIMIZATION_LEVEL = 0;
				GCC_PREPROCESSOR_DEFINITIONS = (
					"DEBUG=1",
					"$(inherited)",
				);
				GCC_SYMBOLS_PRIVATE_EXTERN = NO;
				GCC_WARN_64_TO_32_BIT_CONVERSION = YES;
				GCC_WARN_ABOUT_RETURN_TYPE = YES_ERROR;
				GCC_WARN_UNDECLARED_SELECTOR = YES;
				GCC_WARN_UNINITIALIZED_AUTOS = YES_AGGRESSIVE;
				GCC_WARN_UNUSED_FUNCTION = YES;
				GCC_WARN_UNUSED_VARIABLE = YES;
				MACOSX_DEPLOYMENT_TARGET = 10.10;
				MTL_ENABLE_DEBUG_INFO = YES;
				ONLY_ACTIVE_ARCH = YES;
				SDKROOT = macosx;
				SWIFT_OPTIMIZATION_LEVEL = "-Onone";
				VERSIONING_SYSTEM = "apple-generic";
				VERSION_INFO_PREFIX = "";
			};
			name = Debug;
		};
		7233CA591A9EB38F00957052 /* Release */ = {
			isa = XCBuildConfiguration;
			buildSettings = {
				ALWAYS_SEARCH_USER_PATHS = NO;
				CLANG_CXX_LANGUAGE_STANDARD = "gnu++0x";
				CLANG_CXX_LIBRARY = "libc++";
				CLANG_ENABLE_MODULES = YES;
				CLANG_ENABLE_OBJC_ARC = YES;
				CLANG_WARN_BOOL_CONVERSION = YES;
				CLANG_WARN_CONSTANT_CONVERSION = YES;
				CLANG_WARN_DIRECT_OBJC_ISA_USAGE = YES_ERROR;
				CLANG_WARN_EMPTY_BODY = YES;
				CLANG_WARN_ENUM_CONVERSION = YES;
				CLANG_WARN_INT_CONVERSION = YES;
				CLANG_WARN_OBJC_ROOT_CLASS = YES_ERROR;
				CLANG_WARN_UNREACHABLE_CODE = YES;
				CLANG_WARN__DUPLICATE_METHOD_MATCH = YES;
				COPY_PHASE_STRIP = NO;
				CURRENT_PROJECT_VERSION = 1;
				DEBUG_INFORMATION_FORMAT = "dwarf-with-dsym";
				ENABLE_NS_ASSERTIONS = NO;
				ENABLE_STRICT_OBJC_MSGSEND = YES;
				GCC_C_LANGUAGE_STANDARD = gnu99;
				GCC_NO_COMMON_BLOCKS = YES;
				GCC_WARN_64_TO_32_BIT_CONVERSION = YES;
				GCC_WARN_ABOUT_RETURN_TYPE = YES_ERROR;
				GCC_WARN_UNDECLARED_SELECTOR = YES;
				GCC_WARN_UNINITIALIZED_AUTOS = YES_AGGRESSIVE;
				GCC_WARN_UNUSED_FUNCTION = YES;
				GCC_WARN_UNUSED_VARIABLE = YES;
				MACOSX_DEPLOYMENT_TARGET = 10.10;
				MTL_ENABLE_DEBUG_INFO = NO;
				SDKROOT = macosx;
				VERSIONING_SYSTEM = "apple-generic";
				VERSION_INFO_PREFIX = "";
			};
			name = Release;
		};
		7233CA5B1A9EB38F00957052 /* Debug */ = {
			isa = XCBuildConfiguration;
			buildSettings = {
				CLANG_ENABLE_MODULES = YES;
				COMBINE_HIDPI_IMAGES = YES;
				DEFINES_MODULE = YES;
				DYLIB_COMPATIBILITY_VERSION = 1;
				DYLIB_CURRENT_VERSION = 1;
				DYLIB_INSTALL_NAME_BASE = "@rpath";
				FRAMEWORK_SEARCH_PATHS = (
					"$(inherited)",
					"$(PROJECT_DIR)/Carthage/Build/Mac",
				);
				FRAMEWORK_VERSION = A;
				INFOPLIST_FILE = AlamofireRACExtensions/Info.plist;
				INSTALL_PATH = "$(LOCAL_LIBRARY_DIR)/Frameworks";
				LD_RUNPATH_SEARCH_PATHS = "$(inherited) @executable_path/../Frameworks @loader_path/Frameworks";
				PRODUCT_NAME = AlamofireRACExtensions;
				SKIP_INSTALL = YES;
				SWIFT_OPTIMIZATION_LEVEL = "-Onone";
			};
			name = Debug;
		};
		7233CA5C1A9EB38F00957052 /* Release */ = {
			isa = XCBuildConfiguration;
			buildSettings = {
				CLANG_ENABLE_MODULES = YES;
				COMBINE_HIDPI_IMAGES = YES;
				DEFINES_MODULE = YES;
				DYLIB_COMPATIBILITY_VERSION = 1;
				DYLIB_CURRENT_VERSION = 1;
				DYLIB_INSTALL_NAME_BASE = "@rpath";
				FRAMEWORK_SEARCH_PATHS = (
					"$(inherited)",
					"$(PROJECT_DIR)/Carthage/Build/Mac",
				);
				FRAMEWORK_VERSION = A;
				INFOPLIST_FILE = AlamofireRACExtensions/Info.plist;
				INSTALL_PATH = "$(LOCAL_LIBRARY_DIR)/Frameworks";
				LD_RUNPATH_SEARCH_PATHS = "$(inherited) @executable_path/../Frameworks @loader_path/Frameworks";
				PRODUCT_NAME = AlamofireRACExtensions;
				SKIP_INSTALL = YES;
			};
			name = Release;
		};
		7233CA5E1A9EB38F00957052 /* Debug */ = {
			isa = XCBuildConfiguration;
			buildSettings = {
				COMBINE_HIDPI_IMAGES = YES;
				FRAMEWORK_SEARCH_PATHS = (
					"$(DEVELOPER_FRAMEWORKS_DIR)",
					"$(inherited)",
					"$(PROJECT_DIR)/Carthage/Build/Mac",
				);
				GCC_PREPROCESSOR_DEFINITIONS = (
					"DEBUG=1",
					"$(inherited)",
				);
				INFOPLIST_FILE = AlamofireRACExtensionsTests/Info.plist;
				LD_RUNPATH_SEARCH_PATHS = "$(inherited) @executable_path/../Frameworks @loader_path/../Frameworks";
				PRODUCT_NAME = "$(TARGET_NAME)";
			};
			name = Debug;
		};
		7233CA5F1A9EB38F00957052 /* Release */ = {
			isa = XCBuildConfiguration;
			buildSettings = {
				COMBINE_HIDPI_IMAGES = YES;
				FRAMEWORK_SEARCH_PATHS = (
					"$(DEVELOPER_FRAMEWORKS_DIR)",
					"$(inherited)",
					"$(PROJECT_DIR)/Carthage/Build/Mac",
				);
				INFOPLIST_FILE = AlamofireRACExtensionsTests/Info.plist;
				LD_RUNPATH_SEARCH_PATHS = "$(inherited) @executable_path/../Frameworks @loader_path/../Frameworks";
				PRODUCT_NAME = "$(TARGET_NAME)";
			};
			name = Release;
		};
		7298915E1A9F7C24008E6A70 /* Debug */ = {
			isa = XCBuildConfiguration;
			buildSettings = {
				CLANG_ENABLE_MODULES = YES;
				"CODE_SIGN_IDENTITY[sdk=iphoneos*]" = "iPhone Developer";
				DEFINES_MODULE = YES;
				DYLIB_COMPATIBILITY_VERSION = 1;
				DYLIB_CURRENT_VERSION = 1;
				DYLIB_INSTALL_NAME_BASE = "@rpath";
				FRAMEWORK_SEARCH_PATHS = (
					"$(inherited)",
					"$(PROJECT_DIR)/Carthage/Build/iOS",
				);
				GCC_PREPROCESSOR_DEFINITIONS = (
					"DEBUG=1",
					"$(inherited)",
				);
				INFOPLIST_FILE = AlamofireRACExtensions/Info.plist;
				INSTALL_PATH = "$(LOCAL_LIBRARY_DIR)/Frameworks";
				IPHONEOS_DEPLOYMENT_TARGET = 8.1;
				LD_RUNPATH_SEARCH_PATHS = "$(inherited) @executable_path/Frameworks @loader_path/Frameworks";
				PRODUCT_NAME = AlamofireRACExtensions;
				SDKROOT = iphoneos;
				SKIP_INSTALL = YES;
				SWIFT_OPTIMIZATION_LEVEL = "-Onone";
				TARGETED_DEVICE_FAMILY = "1,2";
			};
			name = Debug;
		};
		7298915F1A9F7C24008E6A70 /* Release */ = {
			isa = XCBuildConfiguration;
			buildSettings = {
				CLANG_ENABLE_MODULES = YES;
				"CODE_SIGN_IDENTITY[sdk=iphoneos*]" = "iPhone Developer";
				COPY_PHASE_STRIP = YES;
				DEFINES_MODULE = YES;
				DYLIB_COMPATIBILITY_VERSION = 1;
				DYLIB_CURRENT_VERSION = 1;
				DYLIB_INSTALL_NAME_BASE = "@rpath";
				FRAMEWORK_SEARCH_PATHS = (
					"$(inherited)",
					"$(PROJECT_DIR)/Carthage/Build/iOS",
				);
				INFOPLIST_FILE = AlamofireRACExtensions/Info.plist;
				INSTALL_PATH = "$(LOCAL_LIBRARY_DIR)/Frameworks";
				IPHONEOS_DEPLOYMENT_TARGET = 8.1;
				LD_RUNPATH_SEARCH_PATHS = "$(inherited) @executable_path/Frameworks @loader_path/Frameworks";
				PRODUCT_NAME = AlamofireRACExtensions;
				SDKROOT = iphoneos;
				SKIP_INSTALL = YES;
				TARGETED_DEVICE_FAMILY = "1,2";
				VALIDATE_PRODUCT = YES;
			};
			name = Release;
		};
		729891611A9F7C24008E6A70 /* Debug */ = {
			isa = XCBuildConfiguration;
			buildSettings = {
				FRAMEWORK_SEARCH_PATHS = (
					"$(SDKROOT)/Developer/Library/Frameworks",
					"$(inherited)",
					"$(PROJECT_DIR)/Carthage/Build/iOS",
				);
				GCC_PREPROCESSOR_DEFINITIONS = (
					"DEBUG=1",
					"$(inherited)",
				);
				INFOPLIST_FILE = AlamofireRACExtensionsTests/Info.plist;
				IPHONEOS_DEPLOYMENT_TARGET = 8.1;
				LD_RUNPATH_SEARCH_PATHS = "$(inherited) @executable_path/Frameworks @loader_path/Frameworks";
				PRODUCT_NAME = "$(TARGET_NAME)";
				SDKROOT = iphoneos;
			};
			name = Debug;
		};
		729891621A9F7C24008E6A70 /* Release */ = {
			isa = XCBuildConfiguration;
			buildSettings = {
				COPY_PHASE_STRIP = YES;
				FRAMEWORK_SEARCH_PATHS = (
					"$(SDKROOT)/Developer/Library/Frameworks",
					"$(inherited)",
					"$(PROJECT_DIR)/Carthage/Build/iOS",
				);
				INFOPLIST_FILE = AlamofireRACExtensionsTests/Info.plist;
				IPHONEOS_DEPLOYMENT_TARGET = 8.1;
				LD_RUNPATH_SEARCH_PATHS = "$(inherited) @executable_path/Frameworks @loader_path/Frameworks";
				PRODUCT_NAME = "$(TARGET_NAME)";
				SDKROOT = iphoneos;
				VALIDATE_PRODUCT = YES;
			};
			name = Release;
		};
/* End XCBuildConfiguration section */

/* Begin XCConfigurationList section */
		7233CA3E1A9EB38F00957052 /* Build configuration list for PBXProject "AlamofireRACExtensions" */ = {
			isa = XCConfigurationList;
			buildConfigurations = (
				7233CA581A9EB38F00957052 /* Debug */,
				7233CA591A9EB38F00957052 /* Release */,
			);
			defaultConfigurationIsVisible = 0;
			defaultConfigurationName = Release;
		};
		7233CA5A1A9EB38F00957052 /* Build configuration list for PBXNativeTarget "AlamofireRACExtensions-Mac" */ = {
			isa = XCConfigurationList;
			buildConfigurations = (
				7233CA5B1A9EB38F00957052 /* Debug */,
				7233CA5C1A9EB38F00957052 /* Release */,
			);
			defaultConfigurationIsVisible = 0;
			defaultConfigurationName = Release;
		};
		7233CA5D1A9EB38F00957052 /* Build configuration list for PBXNativeTarget "AlamofireRACExtensionsTests-Mac" */ = {
			isa = XCConfigurationList;
			buildConfigurations = (
				7233CA5E1A9EB38F00957052 /* Debug */,
				7233CA5F1A9EB38F00957052 /* Release */,
			);
			defaultConfigurationIsVisible = 0;
			defaultConfigurationName = Release;
		};
		7298915D1A9F7C24008E6A70 /* Build configuration list for PBXNativeTarget "AlamofireRACExtensions-iOS" */ = {
			isa = XCConfigurationList;
			buildConfigurations = (
				7298915E1A9F7C24008E6A70 /* Debug */,
				7298915F1A9F7C24008E6A70 /* Release */,
			);
			defaultConfigurationIsVisible = 0;
			defaultConfigurationName = Release;
		};
		729891601A9F7C24008E6A70 /* Build configuration list for PBXNativeTarget "AlamofireRACExtensionsTests-iOS" */ = {
			isa = XCConfigurationList;
			buildConfigurations = (
				729891611A9F7C24008E6A70 /* Debug */,
				729891621A9F7C24008E6A70 /* Release */,
			);
			defaultConfigurationIsVisible = 0;
			defaultConfigurationName = Release;
		};
/* End XCConfigurationList section */
	};
	rootObject = 7233CA3B1A9EB38F00957052 /* Project object */;
}
